
Microsoft Visual Studio Solution File, Format Version 12.00
# Visual Studio Version 17
VisualStudioVersion = 17.3.32929.385
MinimumVisualStudioVersion = 10.0.40219.1
Project("{9A19103F-16F7-4668-BE54-9A1E7A4F7556}") = "Caro_Nhom8", "Caro_Nhom8.csproj", "{69950239-9BE2-4CB6-80F6-59A9956567F5}"
EndProject
Global
	GlobalSection(SolutionConfigurationPlatforms) = preSolution
		Debug|Any CPU = Debug|Any CPU
		Release|Any CPU = Release|Any CPU
	EndGlobalSection
	GlobalSection(ProjectConfigurationPlatforms) = postSolution
		{69950239-9BE2-4CB6-80F6-59A9956567F5}.Debug|Any CPU.ActiveCfg = Debug|Any CPU
		{69950239-9BE2-4CB6-80F6-59A9956567F5}.Debug|Any CPU.Build.0 = Debug|Any CPU
		{69950239-9BE2-4CB6-80F6-59A9956567F5}.Release|Any CPU.ActiveCfg = Release|Any CPU
		{69950239-9BE2-4CB6-80F6-59A9956567F5}.Release|Any CPU.Build.0 = Release|Any CPU
	EndGlobalSection
	GlobalSection(SolutionProperties) = preSolution
		HideSolutionNode = FALSE
	EndGlobalSection
	GlobalSection(ExtensibilityGlobals) = postSolution
		SolutionGuid = {5283A36F-ACF3-4E3C-9CD2-2C7190D15D0B}
	EndGlobalSection
EndGlobal
